
Microsoft Visual Studio Solution File, Format Version 12.00
# Visual Studio Version 17
VisualStudioVersion = 17.0.31903.59
MinimumVisualStudioVersion = 10.0.40219.1
Project("{2150E333-8FDC-42A3-9474-1A3956D46DE8}") = "src", "src", "{827E0CD3-B72D-47B6-A68D-7590B98EB39B}"
EndProject
Project("{FAE04EC0-301F-11D3-BF4B-00C04F79EFBC}") = "speech.Application", "src\speech.Application\speech.Application.csproj", "{4694DBA2-0451-44A4-85E3-AEEF9BC4D036}"
EndProject
Project("{FAE04EC0-301F-11D3-BF4B-00C04F79EFBC}") = "speech.Domain", "src\speech.Domain\speech.Domain.csproj", "{42499E5B-C30C-4C35-9E05-14D7D2DB25EC}"
EndProject
Project("{FAE04EC0-301F-11D3-BF4B-00C04F79EFBC}") = "speech.Infrastructure", "src\speech.Infrastructure\speech.Infrastructure.csproj", "{0239B461-D854-46CC-AE0D-59318BE02D6A}"
EndProject
Project("{FAE04EC0-301F-11D3-BF4B-00C04F79EFBC}") = "speech.SharedKernel", "src\speech.SharedKernel\speech.SharedKernel.csproj", "{958D3DAC-2746-46F6-861C-249DF0059E5C}"
EndProject
Project("{FAE04EC0-301F-11D3-BF4B-00C04F79EFBC}") = "speech.InstallerUI", "speech.InstallerUI\speech.InstallerUI.csproj", "{47A47B24-99D8-41A9-B1E4-653E929544B5}"
EndProject
Project("{FAE04EC0-301F-11D3-BF4B-00C04F79EFBC}") = "speech.Service", "speech.Service\speech.Service.csproj", "{83A4AB98-077C-49A8-9CB9-D6400FFB3E39}"
EndProject
Global
	GlobalSection(SolutionConfigurationPlatforms) = preSolution
		Debug|Any CPU = Debug|Any CPU
		Debug|x64 = Debug|x64
		Debug|x86 = Debug|x86
		Release|Any CPU = Release|Any CPU
		Release|x64 = Release|x64
		Release|x86 = Release|x86
	EndGlobalSection
	GlobalSection(ProjectConfigurationPlatforms) = postSolution
		{4694DBA2-0451-44A4-85E3-AEEF9BC4D036}.Debug|Any CPU.ActiveCfg = Debug|Any CPU
		{4694DBA2-0451-44A4-85E3-AEEF9BC4D036}.Debug|Any CPU.Build.0 = Debug|Any CPU
		{4694DBA2-0451-44A4-85E3-AEEF9BC4D036}.Debug|x64.ActiveCfg = Debug|Any CPU
		{4694DBA2-0451-44A4-85E3-AEEF9BC4D036}.Debug|x64.Build.0 = Debug|Any CPU
		{4694DBA2-0451-44A4-85E3-AEEF9BC4D036}.Debug|x86.ActiveCfg = Debug|Any CPU
		{4694DBA2-0451-44A4-85E3-AEEF9BC4D036}.Debug|x86.Build.0 = Debug|Any CPU
		{4694DBA2-0451-44A4-85E3-AEEF9BC4D036}.Release|Any CPU.ActiveCfg = Release|Any CPU
		{4694DBA2-0451-44A4-85E3-AEEF9BC4D036}.Release|Any CPU.Build.0 = Release|Any CPU
		{4694DBA2-0451-44A4-85E3-AEEF9BC4D036}.Release|x64.ActiveCfg = Release|Any CPU
		{4694DBA2-0451-44A4-85E3-AEEF9BC4D036}.Release|x64.Build.0 = Release|Any CPU
		{4694DBA2-0451-44A4-85E3-AEEF9BC4D036}.Release|x86.ActiveCfg = Release|Any CPU
		{4694DBA2-0451-44A4-85E3-AEEF9BC4D036}.Release|x86.Build.0 = Release|Any CPU
		{42499E5B-C30C-4C35-9E05-14D7D2DB25EC}.Debug|Any CPU.ActiveCfg = Debug|Any CPU
		{42499E5B-C30C-4C35-9E05-14D7D2DB25EC}.Debug|Any CPU.Build.0 = Debug|Any CPU
		{42499E5B-C30C-4C35-9E05-14D7D2DB25EC}.Debug|x64.ActiveCfg = Debug|Any CPU
		{42499E5B-C30C-4C35-9E05-14D7D2DB25EC}.Debug|x64.Build.0 = Debug|Any CPU
		{42499E5B-C30C-4C35-9E05-14D7D2DB25EC}.Debug|x86.ActiveCfg = Debug|Any CPU
		{42499E5B-C30C-4C35-9E05-14D7D2DB25EC}.Debug|x86.Build.0 = Debug|Any CPU
		{42499E5B-C30C-4C35-9E05-14D7D2DB25EC}.Release|Any CPU.ActiveCfg = Release|Any CPU
		{42499E5B-C30C-4C35-9E05-14D7D2DB25EC}.Release|Any CPU.Build.0 = Release|Any CPU
		{42499E5B-C30C-4C35-9E05-14D7D2DB25EC}.Release|x64.ActiveCfg = Release|Any CPU
		{42499E5B-C30C-4C35-9E05-14D7D2DB25EC}.Release|x64.Build.0 = Release|Any CPU
		{42499E5B-C30C-4C35-9E05-14D7D2DB25EC}.Release|x86.ActiveCfg = Release|Any CPU
		{42499E5B-C30C-4C35-9E05-14D7D2DB25EC}.Release|x86.Build.0 = Release|Any CPU
		{0239B461-D854-46CC-AE0D-59318BE02D6A}.Debug|Any CPU.ActiveCfg = Debug|Any CPU
		{0239B461-D854-46CC-AE0D-59318BE02D6A}.Debug|Any CPU.Build.0 = Debug|Any CPU
		{0239B461-D854-46CC-AE0D-59318BE02D6A}.Debug|x64.ActiveCfg = Debug|Any CPU
		{0239B461-D854-46CC-AE0D-59318BE02D6A}.Debug|x64.Build.0 = Debug|Any CPU
		{0239B461-D854-46CC-AE0D-59318BE02D6A}.Debug|x86.ActiveCfg = Debug|Any CPU
		{0239B461-D854-46CC-AE0D-59318BE02D6A}.Debug|x86.Build.0 = Debug|Any CPU
		{0239B461-D854-46CC-AE0D-59318BE02D6A}.Release|Any CPU.ActiveCfg = Release|Any CPU
		{0239B461-D854-46CC-AE0D-59318BE02D6A}.Release|Any CPU.Build.0 = Release|Any CPU
		{0239B461-D854-46CC-AE0D-59318BE02D6A}.Release|x64.ActiveCfg = Release|Any CPU
		{0239B461-D854-46CC-AE0D-59318BE02D6A}.Release|x64.Build.0 = Release|Any CPU
		{0239B461-D854-46CC-AE0D-59318BE02D6A}.Release|x86.ActiveCfg = Release|Any CPU
		{0239B461-D854-46CC-AE0D-59318BE02D6A}.Release|x86.Build.0 = Release|Any CPU
		{958D3DAC-2746-46F6-861C-249DF0059E5C}.Debug|Any CPU.ActiveCfg = Debug|Any CPU
		{958D3DAC-2746-46F6-861C-249DF0059E5C}.Debug|Any CPU.Build.0 = Debug|Any CPU
		{958D3DAC-2746-46F6-861C-249DF0059E5C}.Debug|x64.ActiveCfg = Debug|Any CPU
		{958D3DAC-2746-46F6-861C-249DF0059E5C}.Debug|x64.Build.0 = Debug|Any CPU
		{958D3DAC-2746-46F6-861C-249DF0059E5C}.Debug|x86.ActiveCfg = Debug|Any CPU
		{958D3DAC-2746-46F6-861C-249DF0059E5C}.Debug|x86.Build.0 = Debug|Any CPU
		{958D3DAC-2746-46F6-861C-249DF0059E5C}.Release|Any CPU.ActiveCfg = Release|Any CPU
		{958D3DAC-2746-46F6-861C-249DF0059E5C}.Release|Any CPU.Build.0 = Release|Any CPU
		{958D3DAC-2746-46F6-861C-249DF0059E5C}.Release|x64.ActiveCfg = Release|Any CPU
		{958D3DAC-2746-46F6-861C-249DF0059E5C}.Release|x64.Build.0 = Release|Any CPU
		{958D3DAC-2746-46F6-861C-249DF0059E5C}.Release|x86.ActiveCfg = Release|Any CPU
		{958D3DAC-2746-46F6-861C-249DF0059E5C}.Release|x86.Build.0 = Release|Any CPU
		{47A47B24-99D8-41A9-B1E4-653E929544B5}.Debug|Any CPU.ActiveCfg = Debug|Any CPU
		{47A47B24-99D8-41A9-B1E4-653E929544B5}.Debug|Any CPU.Build.0 = Debug|Any CPU
		{47A47B24-99D8-41A9-B1E4-653E929544B5}.Debug|x64.ActiveCfg = Debug|Any CPU
		{47A47B24-99D8-41A9-B1E4-653E929544B5}.Debug|x64.Build.0 = Debug|Any CPU
		{47A47B24-99D8-41A9-B1E4-653E929544B5}.Debug|x86.ActiveCfg = Debug|Any CPU
		{47A47B24-99D8-41A9-B1E4-653E929544B5}.Debug|x86.Build.0 = Debug|Any CPU
		{47A47B24-99D8-41A9-B1E4-653E929544B5}.Release|Any CPU.ActiveCfg = Release|Any CPU
		{47A47B24-99D8-41A9-B1E4-653E929544B5}.Release|Any CPU.Build.0 = Release|Any CPU
		{47A47B24-99D8-41A9-B1E4-653E929544B5}.Release|x64.ActiveCfg = Release|Any CPU
		{47A47B24-99D8-41A9-B1E4-653E929544B5}.Release|x64.Build.0 = Release|Any CPU
		{47A47B24-99D8-41A9-B1E4-653E929544B5}.Release|x86.ActiveCfg = Release|Any CPU
		{47A47B24-99D8-41A9-B1E4-653E929544B5}.Release|x86.Build.0 = Release|Any CPU
		{83A4AB98-077C-49A8-9CB9-D6400FFB3E39}.Debug|Any CPU.ActiveCfg = Debug|Any CPU
		{83A4AB98-077C-49A8-9CB9-D6400FFB3E39}.Debug|Any CPU.Build.0 = Debug|Any CPU
		{83A4AB98-077C-49A8-9CB9-D6400FFB3E39}.Debug|x64.ActiveCfg = Debug|Any CPU
		{83A4AB98-077C-49A8-9CB9-D6400FFB3E39}.Debug|x64.Build.0 = Debug|Any CPU
		{83A4AB98-077C-49A8-9CB9-D6400FFB3E39}.Debug|x86.ActiveCfg = Debug|Any CPU
		{83A4AB98-077C-49A8-9CB9-D6400FFB3E39}.Debug|x86.Build.0 = Debug|Any CPU
		{83A4AB98-077C-49A8-9CB9-D6400FFB3E39}.Release|Any CPU.ActiveCfg = Release|Any CPU
		{83A4AB98-077C-49A8-9CB9-D6400FFB3E39}.Release|Any CPU.Build.0 = Release|Any CPU
		{83A4AB98-077C-49A8-9CB9-D6400FFB3E39}.Release|x64.ActiveCfg = Release|Any CPU
		{83A4AB98-077C-49A8-9CB9-D6400FFB3E39}.Release|x64.Build.0 = Release|Any CPU
		{83A4AB98-077C-49A8-9CB9-D6400FFB3E39}.Release|x86.ActiveCfg = Release|Any CPU
		{83A4AB98-077C-49A8-9CB9-D6400FFB3E39}.Release|x86.Build.0 = Release|Any CPU
	EndGlobalSection
	GlobalSection(SolutionProperties) = preSolution
		HideSolutionNode = FALSE
	EndGlobalSection
	GlobalSection(NestedProjects) = preSolution
		{4694DBA2-0451-44A4-85E3-AEEF9BC4D036} = {827E0CD3-B72D-47B6-A68D-7590B98EB39B}
		{42499E5B-C30C-4C35-9E05-14D7D2DB25EC} = {827E0CD3-B72D-47B6-A68D-7590B98EB39B}
		{0239B461-D854-46CC-AE0D-59318BE02D6A} = {827E0CD3-B72D-47B6-A68D-7590B98EB39B}
		{958D3DAC-2746-46F6-861C-249DF0059E5C} = {827E0CD3-B72D-47B6-A68D-7590B98EB39B}
		{47A47B24-99D8-41A9-B1E4-653E929544B5} = {827E0CD3-B72D-47B6-A68D-7590B98EB39B}
		{83A4AB98-077C-49A8-9CB9-D6400FFB3E39} = {827E0CD3-B72D-47B6-A68D-7590B98EB39B}
	EndGlobalSection
EndGlobal
